
Microsoft Visual Studio Solution File, Format Version 12.00
# Visual Studio Version 16
VisualStudioVersion = 16.0.32002.261
MinimumVisualStudioVersion = 10.0.40219.1
Project("{FAE04EC0-301F-11D3-BF4B-00C04F79EFBC}") = "Zadania2", "Zadania2\Zadania2.csproj", "{72EFE66A-5698-4761-99EF-DA1D1005788F}"
EndProject
Global
	GlobalSection(SolutionConfigurationPlatforms) = preSolution
		Debug|Any CPU = Debug|Any CPU
		Release|Any CPU = Release|Any CPU
	EndGlobalSection
	GlobalSection(ProjectConfigurationPlatforms) = postSolution
		{72EFE66A-5698-4761-99EF-DA1D1005788F}.Debug|Any CPU.ActiveCfg = Debug|Any CPU
		{72EFE66A-5698-4761-99EF-DA1D1005788F}.Debug|Any CPU.Build.0 = Debug|Any CPU
		{72EFE66A-5698-4761-99EF-DA1D1005788F}.Release|Any CPU.ActiveCfg = Release|Any CPU
		{72EFE66A-5698-4761-99EF-DA1D1005788F}.Release|Any CPU.Build.0 = Release|Any CPU
	EndGlobalSection
	GlobalSection(SolutionProperties) = preSolution
		HideSolutionNode = FALSE
	EndGlobalSection
	GlobalSection(ExtensibilityGlobals) = postSolution
		SolutionGuid = {B8E1F79B-1D4C-420E-9E6D-851927E9C4FE}
	EndGlobalSection
EndGlobal
